
Microsoft Visual Studio Solution File, Format Version 12.00
# Visual Studio 15
VisualStudioVersion = 15.0.27428.2015
MinimumVisualStudioVersion = 10.0.40219.1
Project("{888888A0-9F3D-457C-B088-3A5042F75D52}") = "WorksApWork", "WorksApWork\WorksApWork.pyproj", "{7BDE8968-3F13-49BF-8DB4-777D94BAEE30}"
EndProject
Global
	GlobalSection(SolutionConfigurationPlatforms) = preSolution
		Debug|Any CPU = Debug|Any CPU
		Release|Any CPU = Release|Any CPU
	EndGlobalSection
	GlobalSection(ProjectConfigurationPlatforms) = postSolution
		{7BDE8968-3F13-49BF-8DB4-777D94BAEE30}.Debug|Any CPU.ActiveCfg = Debug|Any CPU
		{7BDE8968-3F13-49BF-8DB4-777D94BAEE30}.Release|Any CPU.ActiveCfg = Release|Any CPU
	EndGlobalSection
	GlobalSection(SolutionProperties) = preSolution
		HideSolutionNode = FALSE
	EndGlobalSection
	GlobalSection(ExtensibilityGlobals) = postSolution
		SolutionGuid = {04430ACC-6F75-4D81-A8DA-E7F10E926ED1}
	EndGlobalSection
EndGlobal
